PODS:
  - FBSnapshotTestCase (2.1.4):
    - FBSnapshotTestCase/SwiftSupport (= 2.1.4)
  - FBSnapshotTestCase/Core (2.1.4)
  - FBSnapshotTestCase/SwiftSupport (2.1.4):
    - FBSnapshotTestCase/Core
  - FPThemeKit (0.1.2)

DEPENDENCIES:
  - FBSnapshotTestCase
  - FPThemeKit (from `../`)

SPEC REPOS:
  trunk:
    - FBSnapshotTestCase

EXTERNAL SOURCES:
  FPThemeKit:
    :path: "../"

SPEC CHECKSUMS:
  FBSnapshotTestCase: 094f9f314decbabe373b87cc339bea235a63e07a
  FPThemeKit: 2ece332b458d8b99f7dae1ae77fffad61d504591

PODFILE CHECKSUM: b88a525cf3cf7f5ae9835c8dedc97e9bc3aefbea

COCOAPODS: 1.16.2
