PODS:
  - FBSnapshotTestCase (2.1.4):
    - FBSnapshotTestCase/SwiftSupport (= 2.1.4)
  - FBSnapshotTestCase/Core (2.1.4)
  - FBSnapshotTestCase/SwiftSupport (2.1.4):
    - FBSnapshotTestCase/Core
  - FPThemeKit (0.1.7)

DEPENDENCIES:
  - FBSnapshotTestCase
  - FPThemeKit (from `../`)

SPEC REPOS:
  trunk:
    - FBSnapshotTestCase

EXTERNAL SOURCES:
  FPThemeKit:
    :path: "../"

SPEC CHECKSUMS:
  FBSnapshotTestCase: 094f9f314decbabe373b87cc339bea235a63e07a
  FPThemeKit: e48af496baa5c436422991b2ff75bf13f8ee3e83

PODFILE CHECKSUM: 86320c300cae09af24414e3af0fb18eec8b30908

COCOAPODS: 1.16.2
